
Microsoft Visual Studio Solution File, Format Version 12.00
# Visual Studio 15
VisualStudioVersion = 15.0.26127.0
MinimumVisualStudioVersion = 10.0.40219.1
Project("{FAE04EC0-301F-11D3-BF4B-00C04F79EFBC}") = "BatchJob.Web", "BatchJob\BatchJob.Web.csproj", "{4F230FCF-A686-4623-A505-26A3C131519B}"
EndProject
Project("{FAE04EC0-301F-11D3-BF4B-00C04F79EFBC}") = "BatchJob.Domain", "BatchJob.Domain\BatchJob.Domain.csproj", "{3507A10A-995B-44AA-82EC-55B581674BC4}"
EndProject
Project("{FAE04EC0-301F-11D3-BF4B-00C04F79EFBC}") = "BatchJob.Common", "BatchJob.Common\BatchJob.Common.csproj", "{B8C4E229-CAE9-4D24-B601-C08053354EDC}"
EndProject
Project("{FAE04EC0-301F-11D3-BF4B-00C04F79EFBC}") = "BatchJob.Repository", "BatchJob.Repository\BatchJob.Repository.csproj", "{4103A047-4A37-4743-AD14-B6BBD02ECE89}"
EndProject
Project("{FAE04EC0-301F-11D3-BF4B-00C04F79EFBC}") = "BatchJob.Dto", "BatchJob.Dto\BatchJob.Dto.csproj", "{B0D4606C-1440-4401-A266-12D0EA024F24}"
EndProject
Project("{FAE04EC0-301F-11D3-BF4B-00C04F79EFBC}") = "BatchJob.Migration", "BatchJob.Domain.Migration\BatchJob.Migration.csproj", "{5781F2ED-E551-42E0-A95D-352A49987E30}"
EndProject
Project("{FAE04EC0-301F-11D3-BF4B-00C04F79EFBC}") = "BatchJob.WindowsService", "BatchJob.WindowsService\BatchJob.WindowsService.csproj", "{F12CC4F5-C22C-4479-BB8B-30BA618C9708}"
EndProject
Project("{FAE04EC0-301F-11D3-BF4B-00C04F79EFBC}") = "BatchJob.Test", "BatchJob.Test\BatchJob.Test.csproj", "{D40610CF-85F5-42B3-8A38-9FFD1465E204}"
EndProject
Project("{FAE04EC0-301F-11D3-BF4B-00C04F79EFBC}") = "BatchJob.Quartz", "BatchJob.Quartz\BatchJob.Quartz.csproj", "{9B5E648B-B513-4CB6-8554-A7243C4F5AED}"
EndProject
Project("{FAE04EC0-301F-11D3-BF4B-00C04F79EFBC}") = "BatchJob.Service", "BatchJob.Service\BatchJob.Service.csproj", "{7316B229-8D08-4622-96E3-A125BED9B007}"
EndProject
Project("{FAE04EC0-301F-11D3-BF4B-00C04F79EFBC}") = "BatchJob.ServiceInterface", "BatchJob.ServiceInterface\BatchJob.ServiceInterface.csproj", "{851C9F0A-B17C-410E-82A2-23D6F140E942}"
EndProject
Global
	GlobalSection(SolutionConfigurationPlatforms) = preSolution
		Debug|Any CPU = Debug|Any CPU
		Debug|x64 = Debug|x64
		Debug|x86 = Debug|x86
		Release|Any CPU = Release|Any CPU
		Release|x64 = Release|x64
		Release|x86 = Release|x86
	EndGlobalSection
	GlobalSection(ProjectConfigurationPlatforms) = postSolution
		{4F230FCF-A686-4623-A505-26A3C131519B}.Debug|Any CPU.ActiveCfg = Debug|Any CPU
		{4F230FCF-A686-4623-A505-26A3C131519B}.Debug|Any CPU.Build.0 = Debug|Any CPU
		{4F230FCF-A686-4623-A505-26A3C131519B}.Debug|x64.ActiveCfg = Debug|Any CPU
		{4F230FCF-A686-4623-A505-26A3C131519B}.Debug|x64.Build.0 = Debug|Any CPU
		{4F230FCF-A686-4623-A505-26A3C131519B}.Debug|x86.ActiveCfg = Debug|Any CPU
		{4F230FCF-A686-4623-A505-26A3C131519B}.Debug|x86.Build.0 = Debug|Any CPU
		{4F230FCF-A686-4623-A505-26A3C131519B}.Release|Any CPU.ActiveCfg = Release|Any CPU
		{4F230FCF-A686-4623-A505-26A3C131519B}.Release|Any CPU.Build.0 = Release|Any CPU
		{4F230FCF-A686-4623-A505-26A3C131519B}.Release|x64.ActiveCfg = Release|Any CPU
		{4F230FCF-A686-4623-A505-26A3C131519B}.Release|x64.Build.0 = Release|Any CPU
		{4F230FCF-A686-4623-A505-26A3C131519B}.Release|x86.ActiveCfg = Release|Any CPU
		{4F230FCF-A686-4623-A505-26A3C131519B}.Release|x86.Build.0 = Release|Any CPU
		{3507A10A-995B-44AA-82EC-55B581674BC4}.Debug|Any CPU.ActiveCfg = Debug|Any CPU
		{3507A10A-995B-44AA-82EC-55B581674BC4}.Debug|Any CPU.Build.0 = Debug|Any CPU
		{3507A10A-995B-44AA-82EC-55B581674BC4}.Debug|x64.ActiveCfg = Debug|Any CPU
		{3507A10A-995B-44AA-82EC-55B581674BC4}.Debug|x64.Build.0 = Debug|Any CPU
		{3507A10A-995B-44AA-82EC-55B581674BC4}.Debug|x86.ActiveCfg = Debug|Any CPU
		{3507A10A-995B-44AA-82EC-55B581674BC4}.Debug|x86.Build.0 = Debug|Any CPU
		{3507A10A-995B-44AA-82EC-55B581674BC4}.Release|Any CPU.ActiveCfg = Release|Any CPU
		{3507A10A-995B-44AA-82EC-55B581674BC4}.Release|Any CPU.Build.0 = Release|Any CPU
		{3507A10A-995B-44AA-82EC-55B581674BC4}.Release|x64.ActiveCfg = Release|Any CPU
		{3507A10A-995B-44AA-82EC-55B581674BC4}.Release|x64.Build.0 = Release|Any CPU
		{3507A10A-995B-44AA-82EC-55B581674BC4}.Release|x86.ActiveCfg = Release|Any CPU
		{3507A10A-995B-44AA-82EC-55B581674BC4}.Release|x86.Build.0 = Release|Any CPU
		{B8C4E229-CAE9-4D24-B601-C08053354EDC}.Debug|Any CPU.ActiveCfg = Debug|Any CPU
		{B8C4E229-CAE9-4D24-B601-C08053354EDC}.Debug|Any CPU.Build.0 = Debug|Any CPU
		{B8C4E229-CAE9-4D24-B601-C08053354EDC}.Debug|x64.ActiveCfg = Debug|Any CPU
		{B8C4E229-CAE9-4D24-B601-C08053354EDC}.Debug|x64.Build.0 = Debug|Any CPU
		{B8C4E229-CAE9-4D24-B601-C08053354EDC}.Debug|x86.ActiveCfg = Debug|Any CPU
		{B8C4E229-CAE9-4D24-B601-C08053354EDC}.Debug|x86.Build.0 = Debug|Any CPU
		{B8C4E229-CAE9-4D24-B601-C08053354EDC}.Release|Any CPU.ActiveCfg = Release|Any CPU
		{B8C4E229-CAE9-4D24-B601-C08053354EDC}.Release|Any CPU.Build.0 = Release|Any CPU
		{B8C4E229-CAE9-4D24-B601-C08053354EDC}.Release|x64.ActiveCfg = Release|Any CPU
		{B8C4E229-CAE9-4D24-B601-C08053354EDC}.Release|x64.Build.0 = Release|Any CPU
		{B8C4E229-CAE9-4D24-B601-C08053354EDC}.Release|x86.ActiveCfg = Release|Any CPU
		{B8C4E229-CAE9-4D24-B601-C08053354EDC}.Release|x86.Build.0 = Release|Any CPU
		{4103A047-4A37-4743-AD14-B6BBD02ECE89}.Debug|Any CPU.ActiveCfg = Debug|Any CPU
		{4103A047-4A37-4743-AD14-B6BBD02ECE89}.Debug|Any CPU.Build.0 = Debug|Any CPU
		{4103A047-4A37-4743-AD14-B6BBD02ECE89}.Debug|x64.ActiveCfg = Debug|Any CPU
		{4103A047-4A37-4743-AD14-B6BBD02ECE89}.Debug|x64.Build.0 = Debug|Any CPU
		{4103A047-4A37-4743-AD14-B6BBD02ECE89}.Debug|x86.ActiveCfg = Debug|Any CPU
		{4103A047-4A37-4743-AD14-B6BBD02ECE89}.Debug|x86.Build.0 = Debug|Any CPU
		{4103A047-4A37-4743-AD14-B6BBD02ECE89}.Release|Any CPU.ActiveCfg = Release|Any CPU
		{4103A047-4A37-4743-AD14-B6BBD02ECE89}.Release|Any CPU.Build.0 = Release|Any CPU
		{4103A047-4A37-4743-AD14-B6BBD02ECE89}.Release|x64.ActiveCfg = Release|Any CPU
		{4103A047-4A37-4743-AD14-B6BBD02ECE89}.Release|x64.Build.0 = Release|Any CPU
		{4103A047-4A37-4743-AD14-B6BBD02ECE89}.Release|x86.ActiveCfg = Release|Any CPU
		{4103A047-4A37-4743-AD14-B6BBD02ECE89}.Release|x86.Build.0 = Release|Any CPU
		{B0D4606C-1440-4401-A266-12D0EA024F24}.Debug|Any CPU.ActiveCfg = Debug|Any CPU
		{B0D4606C-1440-4401-A266-12D0EA024F24}.Debug|Any CPU.Build.0 = Debug|Any CPU
		{B0D4606C-1440-4401-A266-12D0EA024F24}.Debug|x64.ActiveCfg = Debug|Any CPU
		{B0D4606C-1440-4401-A266-12D0EA024F24}.Debug|x64.Build.0 = Debug|Any CPU
		{B0D4606C-1440-4401-A266-12D0EA024F24}.Debug|x86.ActiveCfg = Debug|Any CPU
		{B0D4606C-1440-4401-A266-12D0EA024F24}.Debug|x86.Build.0 = Debug|Any CPU
		{B0D4606C-1440-4401-A266-12D0EA024F24}.Release|Any CPU.ActiveCfg = Release|Any CPU
		{B0D4606C-1440-4401-A266-12D0EA024F24}.Release|Any CPU.Build.0 = Release|Any CPU
		{B0D4606C-1440-4401-A266-12D0EA024F24}.Release|x64.ActiveCfg = Release|Any CPU
		{B0D4606C-1440-4401-A266-12D0EA024F24}.Release|x64.Build.0 = Release|Any CPU
		{B0D4606C-1440-4401-A266-12D0EA024F24}.Release|x86.ActiveCfg = Release|Any CPU
		{B0D4606C-1440-4401-A266-12D0EA024F24}.Release|x86.Build.0 = Release|Any CPU
		{5781F2ED-E551-42E0-A95D-352A49987E30}.Debug|Any CPU.ActiveCfg = Debug|Any CPU
		{5781F2ED-E551-42E0-A95D-352A49987E30}.Debug|Any CPU.Build.0 = Debug|Any CPU
		{5781F2ED-E551-42E0-A95D-352A49987E30}.Debug|x64.ActiveCfg = Debug|Any CPU
		{5781F2ED-E551-42E0-A95D-352A49987E30}.Debug|x64.Build.0 = Debug|Any CPU
		{5781F2ED-E551-42E0-A95D-352A49987E30}.Debug|x86.ActiveCfg = Debug|Any CPU
		{5781F2ED-E551-42E0-A95D-352A49987E30}.Debug|x86.Build.0 = Debug|Any CPU
		{5781F2ED-E551-42E0-A95D-352A49987E30}.Release|Any CPU.ActiveCfg = Release|Any CPU
		{5781F2ED-E551-42E0-A95D-352A49987E30}.Release|Any CPU.Build.0 = Release|Any CPU
		{5781F2ED-E551-42E0-A95D-352A49987E30}.Release|x64.ActiveCfg = Release|Any CPU
		{5781F2ED-E551-42E0-A95D-352A49987E30}.Release|x64.Build.0 = Release|Any CPU
		{5781F2ED-E551-42E0-A95D-352A49987E30}.Release|x86.ActiveCfg = Release|Any CPU
		{5781F2ED-E551-42E0-A95D-352A49987E30}.Release|x86.Build.0 = Release|Any CPU
		{F12CC4F5-C22C-4479-BB8B-30BA618C9708}.Debug|Any CPU.ActiveCfg = Debug|Any CPU
		{F12CC4F5-C22C-4479-BB8B-30BA618C9708}.Debug|Any CPU.Build.0 = Debug|Any CPU
		{F12CC4F5-C22C-4479-BB8B-30BA618C9708}.Debug|x64.ActiveCfg = Debug|Any CPU
		{F12CC4F5-C22C-4479-BB8B-30BA618C9708}.Debug|x64.Build.0 = Debug|Any CPU
		{F12CC4F5-C22C-4479-BB8B-30BA618C9708}.Debug|x86.ActiveCfg = Debug|Any CPU
		{F12CC4F5-C22C-4479-BB8B-30BA618C9708}.Debug|x86.Build.0 = Debug|Any CPU
		{F12CC4F5-C22C-4479-BB8B-30BA618C9708}.Release|Any CPU.ActiveCfg = Release|Any CPU
		{F12CC4F5-C22C-4479-BB8B-30BA618C9708}.Release|Any CPU.Build.0 = Release|Any CPU
		{F12CC4F5-C22C-4479-BB8B-30BA618C9708}.Release|x64.ActiveCfg = Release|Any CPU
		{F12CC4F5-C22C-4479-BB8B-30BA618C9708}.Release|x64.Build.0 = Release|Any CPU
		{F12CC4F5-C22C-4479-BB8B-30BA618C9708}.Release|x86.ActiveCfg = Release|Any CPU
		{F12CC4F5-C22C-4479-BB8B-30BA618C9708}.Release|x86.Build.0 = Release|Any CPU
		{D40610CF-85F5-42B3-8A38-9FFD1465E204}.Debug|Any CPU.ActiveCfg = Debug|Any CPU
		{D40610CF-85F5-42B3-8A38-9FFD1465E204}.Debug|Any CPU.Build.0 = Debug|Any CPU
		{D40610CF-85F5-42B3-8A38-9FFD1465E204}.Debug|x64.ActiveCfg = Debug|Any CPU
		{D40610CF-85F5-42B3-8A38-9FFD1465E204}.Debug|x64.Build.0 = Debug|Any CPU
		{D40610CF-85F5-42B3-8A38-9FFD1465E204}.Debug|x86.ActiveCfg = Debug|Any CPU
		{D40610CF-85F5-42B3-8A38-9FFD1465E204}.Debug|x86.Build.0 = Debug|Any CPU
		{D40610CF-85F5-42B3-8A38-9FFD1465E204}.Release|Any CPU.ActiveCfg = Release|Any CPU
		{D40610CF-85F5-42B3-8A38-9FFD1465E204}.Release|Any CPU.Build.0 = Release|Any CPU
		{D40610CF-85F5-42B3-8A38-9FFD1465E204}.Release|x64.ActiveCfg = Release|Any CPU
		{D40610CF-85F5-42B3-8A38-9FFD1465E204}.Release|x64.Build.0 = Release|Any CPU
		{D40610CF-85F5-42B3-8A38-9FFD1465E204}.Release|x86.ActiveCfg = Release|Any CPU
		{D40610CF-85F5-42B3-8A38-9FFD1465E204}.Release|x86.Build.0 = Release|Any CPU
		{9B5E648B-B513-4CB6-8554-A7243C4F5AED}.Debug|Any CPU.ActiveCfg = Debug|Any CPU
		{9B5E648B-B513-4CB6-8554-A7243C4F5AED}.Debug|Any CPU.Build.0 = Debug|Any CPU
		{9B5E648B-B513-4CB6-8554-A7243C4F5AED}.Debug|x64.ActiveCfg = Debug|Any CPU
		{9B5E648B-B513-4CB6-8554-A7243C4F5AED}.Debug|x64.Build.0 = Debug|Any CPU
		{9B5E648B-B513-4CB6-8554-A7243C4F5AED}.Debug|x86.ActiveCfg = Debug|Any CPU
		{9B5E648B-B513-4CB6-8554-A7243C4F5AED}.Debug|x86.Build.0 = Debug|Any CPU
		{9B5E648B-B513-4CB6-8554-A7243C4F5AED}.Release|Any CPU.ActiveCfg = Release|Any CPU
		{9B5E648B-B513-4CB6-8554-A7243C4F5AED}.Release|Any CPU.Build.0 = Release|Any CPU
		{9B5E648B-B513-4CB6-8554-A7243C4F5AED}.Release|x64.ActiveCfg = Release|Any CPU
		{9B5E648B-B513-4CB6-8554-A7243C4F5AED}.Release|x64.Build.0 = Release|Any CPU
		{9B5E648B-B513-4CB6-8554-A7243C4F5AED}.Release|x86.ActiveCfg = Release|Any CPU
		{9B5E648B-B513-4CB6-8554-A7243C4F5AED}.Release|x86.Build.0 = Release|Any CPU
		{7316B229-8D08-4622-96E3-A125BED9B007}.Debug|Any CPU.ActiveCfg = Debug|Any CPU
		{7316B229-8D08-4622-96E3-A125BED9B007}.Debug|Any CPU.Build.0 = Debug|Any CPU
		{7316B229-8D08-4622-96E3-A125BED9B007}.Debug|x64.ActiveCfg = Debug|Any CPU
		{7316B229-8D08-4622-96E3-A125BED9B007}.Debug|x64.Build.0 = Debug|Any CPU
		{7316B229-8D08-4622-96E3-A125BED9B007}.Debug|x86.ActiveCfg = Debug|Any CPU
		{7316B229-8D08-4622-96E3-A125BED9B007}.Debug|x86.Build.0 = Debug|Any CPU
		{7316B229-8D08-4622-96E3-A125BED9B007}.Release|Any CPU.ActiveCfg = Release|Any CPU
		{7316B229-8D08-4622-96E3-A125BED9B007}.Release|Any CPU.Build.0 = Release|Any CPU
		{7316B229-8D08-4622-96E3-A125BED9B007}.Release|x64.ActiveCfg = Release|Any CPU
		{7316B229-8D08-4622-96E3-A125BED9B007}.Release|x64.Build.0 = Release|Any CPU
		{7316B229-8D08-4622-96E3-A125BED9B007}.Release|x86.ActiveCfg = Release|Any CPU
		{7316B229-8D08-4622-96E3-A125BED9B007}.Release|x86.Build.0 = Release|Any CPU
		{851C9F0A-B17C-410E-82A2-23D6F140E942}.Debug|Any CPU.ActiveCfg = Debug|Any CPU
		{851C9F0A-B17C-410E-82A2-23D6F140E942}.Debug|Any CPU.Build.0 = Debug|Any CPU
		{851C9F0A-B17C-410E-82A2-23D6F140E942}.Debug|x64.ActiveCfg = Debug|Any CPU
		{851C9F0A-B17C-410E-82A2-23D6F140E942}.Debug|x64.Build.0 = Debug|Any CPU
		{851C9F0A-B17C-410E-82A2-23D6F140E942}.Debug|x86.ActiveCfg = Debug|Any CPU
		{851C9F0A-B17C-410E-82A2-23D6F140E942}.Debug|x86.Build.0 = Debug|Any CPU
		{851C9F0A-B17C-410E-82A2-23D6F140E942}.Release|Any CPU.ActiveCfg = Release|Any CPU
		{851C9F0A-B17C-410E-82A2-23D6F140E942}.Release|Any CPU.Build.0 = Release|Any CPU
		{851C9F0A-B17C-410E-82A2-23D6F140E942}.Release|x64.ActiveCfg = Release|Any CPU
		{851C9F0A-B17C-410E-82A2-23D6F140E942}.Release|x64.Build.0 = Release|Any CPU
		{851C9F0A-B17C-410E-82A2-23D6F140E942}.Release|x86.ActiveCfg = Release|Any CPU
		{851C9F0A-B17C-410E-82A2-23D6F140E942}.Release|x86.Build.0 = Release|Any CPU
	EndGlobalSection
	GlobalSection(SolutionProperties) = preSolution
		HideSolutionNode = FALSE
	EndGlobalSection
EndGlobal
